
Microsoft Visual Studio Solution File, Format Version 12.00
# Visual Studio Version 17
VisualStudioVersion = 17.3.32929.385
MinimumVisualStudioVersion = 10.0.40219.1
Project("{9A19103F-16F7-4668-BE54-9A1E7A4F7556}") = "GameOfPockets", "GameOfPockets\GameOfPockets.csproj", "{5A75E371-F32D-4361-8B37-3E54E781D1F7}"
EndProject
Project("{FAE04EC0-301F-11D3-BF4B-00C04F79EFBC}") = "GameOfPocketsMVC", "..\GameOfPocketsMVC\GameOfPocketsMVC.csproj", "{0EBC75E8-8375-441D-B2CD-51A2095A548B}"
EndProject
Global
	GlobalSection(SolutionConfigurationPlatforms) = preSolution
		Debug|Any CPU = Debug|Any CPU
		Release|Any CPU = Release|Any CPU
	EndGlobalSection
	GlobalSection(ProjectConfigurationPlatforms) = postSolution
		{5A75E371-F32D-4361-8B37-3E54E781D1F7}.Debug|Any CPU.ActiveCfg = Debug|Any CPU
		{5A75E371-F32D-4361-8B37-3E54E781D1F7}.Debug|Any CPU.Build.0 = Debug|Any CPU
		{5A75E371-F32D-4361-8B37-3E54E781D1F7}.Release|Any CPU.ActiveCfg = Release|Any CPU
		{5A75E371-F32D-4361-8B37-3E54E781D1F7}.Release|Any CPU.Build.0 = Release|Any CPU
		{0EBC75E8-8375-441D-B2CD-51A2095A548B}.Debug|Any CPU.ActiveCfg = Debug|Any CPU
		{0EBC75E8-8375-441D-B2CD-51A2095A548B}.Debug|Any CPU.Build.0 = Debug|Any CPU
		{0EBC75E8-8375-441D-B2CD-51A2095A548B}.Release|Any CPU.ActiveCfg = Release|Any CPU
		{0EBC75E8-8375-441D-B2CD-51A2095A548B}.Release|Any CPU.Build.0 = Release|Any CPU
	EndGlobalSection
	GlobalSection(SolutionProperties) = preSolution
		HideSolutionNode = FALSE
	EndGlobalSection
	GlobalSection(ExtensibilityGlobals) = postSolution
		SolutionGuid = {0EA0AC59-F705-4932-BB0B-75FA94EA592B}
	EndGlobalSection
EndGlobal
